// !$*UTF8*$!
{
	archiveVersion = 1;
	classes = {
	};
	objectVersion = 46;
	objects = {

/* Begin PBXBuildFile section */
		CFD039661D8E25CF00AE896F /* AppDelegate.swift in Sources */ = {isa = PBXBuildFile; fileRef = CFD039651D8E25CF00AE896F /* AppDelegate.swift */; };
		CFD039681D8E25CF00AE896F /* ViewController.swift in Sources */ = {isa = PBXBuildFile; fileRef = CFD039671D8E25CF00AE896F /* ViewController.swift */; };
		CFD0396B1D8E25CF00AE896F /* Main.storyboard in Resources */ = {isa = PBXBuildFile; fileRef = CFD039691D8E25CF00AE896F /* Main.storyboard */; };
		CFD0396D1D8E25CF00AE896F /* Assets.xcassets in Resources */ = {isa = PBXBuildFile; fileRef = CFD0396C1D8E25CF00AE896F /* Assets.xcassets */; };
		CFD039701D8E25CF00AE896F /* LaunchScreen.storyboard in Resources */ = {isa = PBXBuildFile; fileRef = CFD0396E1D8E25CF00AE896F /* LaunchScreen.storyboard */; };
/* End PBXBuildFile section */

/* Begin PBXFileReference section */
		CFD039621D8E25CF00AE896F /* MyRepresentative.app */ = {isa = PBXFileReference; explicitFileType = wrapper.application; includeInIndex = 0; path = MyRepresentative.app; sourceTree = BUILT_PRODUCTS_DIR; };
		CFD039651D8E25CF00AE896F /* AppDelegate.swift */ = {isa = PBXFileReference; lastKnownFileType = sourcecode.swift; path = AppDelegate.swift; sourceTree = "<group>"; };
		CFD039671D8E25CF00AE896F /* ViewController.swift */ = {isa = PBXFileReference; lastKnownFileType = sourcecode.swift; path = ViewController.swift; sourceTree = "<group>"; };
		CFD0396A1D8E25CF00AE896F /* Base */ = {isa = PBXFileReference; lastKnownFileType = file.storyboard; name = Base; path = Base.lproj/Main.storyboard; sourceTree = "<group>"; };
		CFD0396C1D8E25CF00AE896F /* Assets.xcassets */ = {isa = PBXFileReference; lastKnownFileType = folder.assetcatalog; path = Assets.xcassets; sourceTree = "<group>"; };
		CFD0396F1D8E25CF00AE896F /* Base */ = {isa = PBXFileReference; lastKnownFileType = file.storyboard; name = Base; path = Base.lproj/LaunchScreen.storyboard; sourceTree = "<group>"; };
		CFD039711D8E25CF00AE896F /* Info.plist */ = {isa = PBXFileReference; lastKnownFileType = text.plist.xml; path = Info.plist; sourceTree = "<group>"; };
/* End PBXFileReference section */

/* Begin PBXFrameworksBuildPhase section */
		CFD0395F1D8E25CF00AE896F /* Frameworks */ = {
			isa = PBXFrameworksBuildPhase;
			buildActionMask = 2147483647;
			files = (
			);
			runOnlyForDeploymentPostprocessing = 0;
		};
/* End PBXFrameworksBuildPhase section */

/* Begin PBXGroup section */
		CFD039591D8E25CF00AE896F = {
			isa = PBXGroup;
			children = (
				CFD039641D8E25CF00AE896F /* MyRepresentative */,
				CFD039631D8E25CF00AE896F /* Products */,
			);
			sourceTree = "<group>";
		};
		CFD039631D8E25CF00AE896F /* Products */ = {
			isa = PBXGroup;
			children = (
				CFD039621D8E25CF00AE896F /* MyRepresentative.app */,
			);
			name = Products;
			sourceTree = "<group>";
		};
		CFD039641D8E25CF00AE896F /* MyRepresentative */ = {
			isa = PBXGroup;
			children = (
				CFD039651D8E25CF00AE896F /* AppDelegate.swift */,
				CFD039671D8E25CF00AE896F /* ViewController.swift */,
				CFD039691D8E25CF00AE896F /* Main.storyboard */,
				CFD0396C1D8E25CF00AE896F /* Assets.xcassets */,
				CFD0396E1D8E25CF00AE896F /* LaunchScreen.storyboard */,
				CFD039711D8E25CF00AE896F /* Info.plist */,
			);
			path = MyRepresentative;
			sourceTree = "<group>";
		};
/* End PBXGroup section */

/* Begin PBXNativeTarget section */
		CFD039611D8E25CF00AE896F /* MyRepresentative */ = {
			isa = PBXNativeTarget;
			buildConfigurationList = CFD039741D8E25CF00AE896F /* Build configuration list for PBXNativeTarget "MyRepresentative" */;
			buildPhases = (
				CFD0395E1D8E25CF00AE896F /* Sources */,
				CFD0395F1D8E25CF00AE896F /* Frameworks */,
				CFD039601D8E25CF00AE896F /* Resources */,
			);
			buildRules = (
			);
			dependencies = (
			);
			name = MyRepresentative;
			productName = MyRepresentative;
			productReference = CFD039621D8E25CF00AE896F /* MyRepresentative.app */;
			productType = "com.apple.product-type.application";
		};
/* End PBXNativeTarget section */

/* Begin PBXProject section */
		CFD0395A1D8E25CF00AE896F /* Project object */ = {
			isa = PBXProject;
			attributes = {
				LastSwiftUpdateCheck = 0730;
				LastUpgradeCheck = 0730;
				ORGANIZATIONNAME = "Wesley Austin";
				TargetAttributes = {
					CFD039611D8E25CF00AE896F = {
						CreatedOnToolsVersion = 7.3.1;
					};
				};
			};
			buildConfigurationList = CFD0395D1D8E25CF00AE896F /* Build configuration list for PBXProject "MyRepresentative" */;
			compatibilityVersion = "Xcode 3.2";
			developmentRegion = English;
			hasScannedForEncodings = 0;
			knownRegions = (
				en,
				Base,
			);
			mainGroup = CFD039591D8E25CF00AE896F;
			productRefGroup = CFD039631D8E25CF00AE896F /* Products */;
			projectDirPath = "";
			projectRoot = "";
			targets = (
				CFD039611D8E25CF00AE896F /* MyRepresentative */,
			);
		};
/* End PBXProject section */

/* Begin PBXResourcesBuildPhase section */
		CFD039601D8E25CF00AE896F /* Resources */ = {
			isa = PBXResourcesBuildPhase;
			buildActionMask = 2147483647;
			files = (
				CFD039701D8E25CF00AE896F /* LaunchScreen.storyboard in Resources */,
				CFD0396D1D8E25CF00AE896F /* Assets.xcassets in Resources */,
				CFD0396B1D8E25CF00AE896F /* Main.storyboard in Resources */,
			);
			runOnlyForDeploymentPostprocessing = 0;
		};
/* End PBXResourcesBuildPhase section */

/* Begin PBXSourcesBuildPhase section */
		CFD0395E1D8E25CF00AE896F /* Sources */ = {
			isa = PBXSourcesBuildPhase;
			buildActionMask = 2147483647;
			files = (
				CFD039681D8E25CF00AE896F /* ViewController.swift in Sources */,
				CFD039661D8E25CF00AE896F /* AppDelegate.swift in Sources */,
			);
			runOnlyForDeploymentPostprocessing = 0;
		};
/* End PBXSourcesBuildPhase section */

/* Begin PBXVariantGroup section */
		CFD039691D8E25CF00AE896F /* Main.storyboard */ = {
			isa = PBXVariantGroup;
			children = (
				CFD0396A1D8E25CF00AE896F /* Base */,
			);
			name = Main.storyboard;
			sourceTree = "<group>";
		};
		CFD0396E1D8E25CF00AE896F /* LaunchScreen.storyboard */ = {
			isa = PBXVariantGroup;
			children = (
				CFD0396F1D8E25CF00AE896F /* Base */,
			);
			name = LaunchScreen.storyboard;
			sourceTree = "<group>";
		};
/* End PBXVariantGroup section */

/* Begin XCBuildConfiguration section */
		CFD039721D8E25CF00AE896F /* Debug */ = {
			isa = XCBuildConfiguration;
			buildSettings = {
				ALWAYS_SEARCH_USER_PATHS = NO;
				CLANG_ANALYZER_NONNULL = YES;
				CLANG_CXX_LANGUAGE_STANDARD = "gnu++0x";
				CLANG_CXX_LIBRARY = "libc++";
				CLANG_ENABLE_MODULES = YES;
				CLANG_ENABLE_OBJC_ARC = YES;
				CLANG_WARN_BOOL_CONVERSION = YES;
				CLANG_WARN_CONSTANT_CONVERSION = YES;
				CLANG_WARN_DIRECT_OBJC_ISA_USAGE = YES_ERROR;
				CLANG_WARN_EMPTY_BODY = YES;
				CLANG_WARN_ENUM_CONVERSION = YES;
				CLANG_WARN_INT_CONVERSION = YES;
				CLANG_WARN_OBJC_ROOT_CLASS = YES_ERROR;
				CLANG_WARN_UNREACHABLE_CODE = YES;
				CLANG_WARN__DUPLICATE_METHOD_MATCH = YES;
				"CODE_SIGN_IDENTITY[sdk=iphoneos*]" = "iPhone Developer";
				COPY_PHASE_STRIP = NO;
				DEBUG_INFORMATION_FORMAT = dwarf;
				ENABLE_STRICT_OBJC_MSGSEND = YES;
				ENABLE_TESTABILITY = YES;
				GCC_C_LANGUAGE_STANDARD = gnu99;
				GCC_DYNAMIC_NO_PIC = NO;
				GCC_NO_COMMON_BLOCKS = YES;
				GCC_OPTIMIZATION_LEVEL = 0;
				GCC_PREPROCESSOR_DEFINITIONS = (
					"DEBUG=1",
					"$(inherited)",
				);
				GCC_WARN_64_TO_32_BIT_CONVERSION = YES;
				GCC_WARN_ABOUT_RETURN_TYPE = YES_ERROR;
				GCC_WARN_UNDECLARED_SELECTOR = YES;
				GCC_WARN_UNINITIALIZED_AUTOS = YES_AGGRESSIVE;
				GCC_WARN_UNUSED_FUNCTION = YES;
				GCC_WARN_UNUSED_VARIABLE = YES;
				IPHONEOS_DEPLOYMENT_TARGET = 9.3;
				MTL_ENABLE_DEBUG_INFO = YES;
				ONLY_ACTIVE_ARCH = YES;
				SDKROOT = iphoneos;
				SWIFT_OPTIMIZATION_LEVEL = "-Onone";
			};
			name = Debug;
		};
		CFD039731D8E25CF00AE896F /* Release */ = {
			isa = XCBuildConfiguration;
			buildSettings = {
				ALWAYS_SEARCH_USER_PATHS = NO;
				CLANG_ANALYZER_NONNULL = YES;
				CLANG_CXX_LANGUAGE_STANDARD = "gnu++0x";
				CLANG_CXX_LIBRARY = "libc++";
				CLANG_ENABLE_MODULES = YES;
				CLANG_ENABLE_OBJC_ARC = YES;
				CLANG_WARN_BOOL_CONVERSION = YES;
				CLANG_WARN_CONSTANT_CONVERSION = YES;
				CLANG_WARN_DIRECT_OBJC_ISA_USAGE = YES_ERROR;
				CLANG_WARN_EMPTY_BODY = YES;
				CLANG_WARN_ENUM_CONVERSION = YES;
				CLANG_WARN_INT_CONVERSION = YES;
				CLANG_WARN_OBJC_ROOT_CLASS = YES_ERROR;
				CLANG_WARN_UNREACHABLE_CODE = YES;
				CLANG_WARN__DUPLICATE_METHOD_MATCH = YES;
				"CODE_SIGN_IDENTITY[sdk=iphoneos*]" = "iPhone Developer";
				COPY_PHASE_STRIP = NO;
				DEBUG_INFORMATION_FORMAT = "dwarf-with-dsym";
				ENABLE_NS_ASSERTIONS = NO;
				ENABLE_STRICT_OBJC_MSGSEND = YES;
				GCC_C_LANGUAGE_STANDARD = gnu99;
				GCC_NO_COMMON_BLOCKS = YES;
				GCC_WARN_64_TO_32_BIT_CONVERSION = YES;
				GCC_WARN_ABOUT_RETURN_TYPE = YES_ERROR;
				GCC_WARN_UNDECLARED_SELECTOR = YES;
				GCC_WARN_UNINITIALIZED_AUTOS = YES_AGGRESSIVE;
				GCC_WARN_UNUSED_FUNCTION = YES;
				GCC_WARN_UNUSED_VARIABLE = YES;
				IPHONEOS_DEPLOYMENT_TARGET = 9.3;
				MTL_ENABLE_DEBUG_INFO = NO;
				SDKROOT = iphoneos;
				VALIDATE_PRODUCT = YES;
			};
			name = Release;
		};
		CFD039751D8E25CF00AE896F /* Debug */ = {
			isa = XCBuildConfiguration;
			buildSettings = {
				ASSETCATALOG_COMPILER_APPICON_NAME = AppIcon;
				INFOPLIST_FILE = MyRepresentative/Info.plist;
				LD_RUNPATH_SEARCH_PATHS = "$(inherited) @executable_path/Frameworks";
				PRODUCT_BUNDLE_IDENTIFIER = com.worldwidemess.MyRepresentative;
				PRODUCT_NAME = "$(TARGET_NAME)";
			};
			name = Debug;
		};
		CFD039761D8E25CF00AE896F /* Release */ = {
			isa = XCBuildConfiguration;
			buildSettings = {
				ASSETCATALOG_COMPILER_APPICON_NAME = AppIcon;
				INFOPLIST_FILE = MyRepresentative/Info.plist;
				LD_RUNPATH_SEARCH_PATHS = "$(inherited) @executable_path/Frameworks";
				PRODUCT_BUNDLE_IDENTIFIER = com.worldwidemess.MyRepresentative;
				PRODUCT_NAME = "$(TARGET_NAME)";
			};
			name = Release;
		};
/* End XCBuildConfiguration section */

/* Begin XCConfigurationList section */
		CFD0395D1D8E25CF00AE896F /* Build configuration list for PBXProject "MyRepresentative" */ = {
			isa = XCConfigurationList;
			buildConfigurations = (
				CFD039721D8E25CF00AE896F /* Debug */,
				CFD039731D8E25CF00AE896F /* Release */,
			);
			defaultConfigurationIsVisible = 0;
			defaultConfigurationName = Release;
		};
		CFD039741D8E25CF00AE896F /* Build configuration list for PBXNativeTarget "MyRepresentative" */ = {
			isa = XCConfigurationList;
			buildConfigurations = (
				CFD039751D8E25CF00AE896F /* Debug */,
				CFD039761D8E25CF00AE896F /* Release */,
			);
			defaultConfigurationIsVisible = 0;
		};
/* End XCConfigurationList section */
	};
	rootObject = CFD0395A1D8E25CF00AE896F /* Project object */;
}
